{
  "name": "transcript-to-json",
  "version": "1.0.0",
  "lockfileVersion": 2,
  "requires": true,
  "packages": {
    "": {
      "name": "transcript-to-json",
      "version": "1.0.0",
      "license": "ISC",
      "dependencies": {
        "cohere-ai": "^4.4.0"
      }
    },
    "node_modules/cohere-ai": {
      "version": "4.4.0",
      "resolved": "https://registry.npmjs.org/cohere-ai/-/cohere-ai-4.4.0.tgz",
      "integrity": "sha512-tW7RvXZMFLxLjkY1nnDVuqJBBP+rQpHg5v5BxUi4xo+tPJwZBvsO9YWzCJ6A4yaE4ymgK7z8nbui3uMufVUyUQ=="
    }
  },
  "dependencies": {
    "cohere-ai": {
      "version": "4.4.0",
      "resolved": "https://registry.npmjs.org/cohere-ai/-/cohere-ai-4.4.0.tgz",
      "integrity": "sha512-tW7RvXZMFLxLjkY1nnDVuqJBBP+rQpHg5v5BxUi4xo+tPJwZBvsO9YWzCJ6A4yaE4ymgK7z8nbui3uMufVUyUQ=="
    }
  }
}
